
Microsoft Visual Studio Solution File, Format Version 12.00
# Visual Studio Version 17
VisualStudioVersion = 17.0.32014.148
MinimumVisualStudioVersion = 10.0.40219.1
Project("{FAE04EC0-301F-11D3-BF4B-00C04F79EFBC}") = "quest6_csharp", "quest6_csharp\quest6_csharp.csproj", "{1AC96D40-9550-4123-BEB9-E9593E95E579}"
EndProject
Global
	GlobalSection(SolutionConfigurationPlatforms) = preSolution
		Debug|Any CPU = Debug|Any CPU
		Release|Any CPU = Release|Any CPU
	EndGlobalSection
	GlobalSection(ProjectConfigurationPlatforms) = postSolution
		{1AC96D40-9550-4123-BEB9-E9593E95E579}.Debug|Any CPU.ActiveCfg = Debug|Any CPU
		{1AC96D40-9550-4123-BEB9-E9593E95E579}.Debug|Any CPU.Build.0 = Debug|Any CPU
		{1AC96D40-9550-4123-BEB9-E9593E95E579}.Release|Any CPU.ActiveCfg = Release|Any CPU
		{1AC96D40-9550-4123-BEB9-E9593E95E579}.Release|Any CPU.Build.0 = Release|Any CPU
	EndGlobalSection
	GlobalSection(SolutionProperties) = preSolution
		HideSolutionNode = FALSE
	EndGlobalSection
	GlobalSection(ExtensibilityGlobals) = postSolution
		SolutionGuid = {7C556650-F673-484C-9E88-D4EBD6F4C249}
	EndGlobalSection
EndGlobal
